// !$*UTF8*$!
{
	archiveVersion = 1;
	classes = {
	};
	objectVersion = 56;
	objects = {

/* Begin PBXBuildFile section */
		D03DCCC32BB576C900CF07A1 /* Lottie in Frameworks */ = {isa = PBXBuildFile; productRef = D03DCCC22BB576C900CF07A1 /* Lottie */; };
		D045CED32BB7E868004DA31B /* UserModel.swift in Sources */ = {isa = PBXBuildFile; fileRef = D045CED22BB7E868004DA31B /* UserModel.swift */; };
		D045CED52BB7EABF004DA31B /* UserController.swift in Sources */ = {isa = PBXBuildFile; fileRef = D045CED42BB7EABF004DA31B /* UserController.swift */; };
		D045CED82BB7EE7F004DA31B /* SurahModel.swift in Sources */ = {isa = PBXBuildFile; fileRef = D045CED72BB7EE7F004DA31B /* SurahModel.swift */; };
		D04A663B2BB73E0200CCAB80 /* ngaji_loading.json in Resources */ = {isa = PBXBuildFile; fileRef = D04A663A2BB73E0200CCAB80 /* ngaji_loading.json */; };
		D0BBE5942BB566BF002C9766 /* go_ngajiApp.swift in Sources */ = {isa = PBXBuildFile; fileRef = D0BBE5932BB566BF002C9766 /* go_ngajiApp.swift */; };
		D0BBE5962BB566BF002C9766 /* ContentView.swift in Sources */ = {isa = PBXBuildFile; fileRef = D0BBE5952BB566BF002C9766 /* ContentView.swift */; };
		D0BBE5982BB566C2002C9766 /* Assets.xcassets in Resources */ = {isa = PBXBuildFile; fileRef = D0BBE5972BB566C2002C9766 /* Assets.xcassets */; };
		D0BBE59B2BB566C2002C9766 /* Preview Assets.xcassets in Resources */ = {isa = PBXBuildFile; fileRef = D0BBE59A2BB566C2002C9766 /* Preview Assets.xcassets */; };
		D0BBE5A52BB566C2002C9766 /* go_ngajiTests.swift in Sources */ = {isa = PBXBuildFile; fileRef = D0BBE5A42BB566C2002C9766 /* go_ngajiTests.swift */; };
		D0BBE5AF2BB566C2002C9766 /* go_ngajiUITests.swift in Sources */ = {isa = PBXBuildFile; fileRef = D0BBE5AE2BB566C2002C9766 /* go_ngajiUITests.swift */; };
		D0BBE5B12BB566C2002C9766 /* go_ngajiUITestsLaunchTests.swift in Sources */ = {isa = PBXBuildFile; fileRef = D0BBE5B02BB566C2002C9766 /* go_ngajiUITestsLaunchTests.swift */; };
		D0E172392BB7305A00F9631E /* servishero_loading.json in Resources */ = {isa = PBXBuildFile; fileRef = D0E172382BB7305A00F9631E /* servishero_loading.json */; };
		D0FE1B192BBB0FFF008736FE /* surahData.json in Resources */ = {isa = PBXBuildFile; fileRef = D0FE1B182BBB0FFF008736FE /* surahData.json */; };
		D0FE1B1B2BBB1072008736FE /* ModelData.swift in Sources */ = {isa = PBXBuildFile; fileRef = D0FE1B1A2BBB1072008736FE /* ModelData.swift */; };
		D0FE1B1D2BBB15D9008736FE /* LottieViewComponent.swift in Sources */ = {isa = PBXBuildFile; fileRef = D0FE1B1C2BBB15D9008736FE /* LottieViewComponent.swift */; };
/* End PBXBuildFile section */

/* Begin PBXContainerItemProxy section */
		D0BBE5A12BB566C2002C9766 /* PBXContainerItemProxy */ = {
			isa = PBXContainerItemProxy;
			containerPortal = D0BBE5882BB566BF002C9766 /* Project object */;
			proxyType = 1;
			remoteGlobalIDString = D0BBE58F2BB566BF002C9766;
			remoteInfo = "go-ngaji";
		};
		D0BBE5AB2BB566C2002C9766 /* PBXContainerItemProxy */ = {
			isa = PBXContainerItemProxy;
			containerPortal = D0BBE5882BB566BF002C9766 /* Project object */;
			proxyType = 1;
			remoteGlobalIDString = D0BBE58F2BB566BF002C9766;
			remoteInfo = "go-ngaji";
		};
/* End PBXContainerItemProxy section */

/* Begin PBXFileReference section */
		D045CED22BB7E868004DA31B /* UserModel.swift */ = {isa = PBXFileReference; lastKnownFileType = sourcecode.swift; path = UserModel.swift; sourceTree = "<group>"; };
		D045CED42BB7EABF004DA31B /* UserController.swift */ = {isa = PBXFileReference; lastKnownFileType = sourcecode.swift; path = UserController.swift; sourceTree = "<group>"; };
		D045CED72BB7EE7F004DA31B /* SurahModel.swift */ = {isa = PBXFileReference; lastKnownFileType = sourcecode.swift; path = SurahModel.swift; sourceTree = "<group>"; };
		D04A663A2BB73E0200CCAB80 /* ngaji_loading.json */ = {isa = PBXFileReference; fileEncoding = 4; lastKnownFileType = text.json; path = ngaji_loading.json; sourceTree = "<group>"; };
		D0BBE5902BB566BF002C9766 /* go-ngaji.app */ = {isa = PBXFileReference; explicitFileType = wrapper.application; includeInIndex = 0; path = "go-ngaji.app"; sourceTree = BUILT_PRODUCTS_DIR; };
		D0BBE5932BB566BF002C9766 /* go_ngajiApp.swift */ = {isa = PBXFileReference; lastKnownFileType = sourcecode.swift; path = go_ngajiApp.swift; sourceTree = "<group>"; };
		D0BBE5952BB566BF002C9766 /* ContentView.swift */ = {isa = PBXFileReference; lastKnownFileType = sourcecode.swift; path = ContentView.swift; sourceTree = "<group>"; };
		D0BBE5972BB566C2002C9766 /* Assets.xcassets */ = {isa = PBXFileReference; lastKnownFileType = folder.assetcatalog; path = Assets.xcassets; sourceTree = "<group>"; };
		D0BBE59A2BB566C2002C9766 /* Preview Assets.xcassets */ = {isa = PBXFileReference; lastKnownFileType = folder.assetcatalog; path = "Preview Assets.xcassets"; sourceTree = "<group>"; };
		D0BBE5A02BB566C2002C9766 /* go-ngajiTests.xctest */ = {isa = PBXFileReference; explicitFileType = wrapper.cfbundle; includeInIndex = 0; path = "go-ngajiTests.xctest"; sourceTree = BUILT_PRODUCTS_DIR; };
		D0BBE5A42BB566C2002C9766 /* go_ngajiTests.swift */ = {isa = PBXFileReference; lastKnownFileType = sourcecode.swift; path = go_ngajiTests.swift; sourceTree = "<group>"; };
		D0BBE5AA2BB566C2002C9766 /* go-ngajiUITests.xctest */ = {isa = PBXFileReference; explicitFileType = wrapper.cfbundle; includeInIndex = 0; path = "go-ngajiUITests.xctest"; sourceTree = BUILT_PRODUCTS_DIR; };
		D0BBE5AE2BB566C2002C9766 /* go_ngajiUITests.swift */ = {isa = PBXFileReference; lastKnownFileType = sourcecode.swift; path = go_ngajiUITests.swift; sourceTree = "<group>"; };
		D0BBE5B02BB566C2002C9766 /* go_ngajiUITestsLaunchTests.swift */ = {isa = PBXFileReference; lastKnownFileType = sourcecode.swift; path = go_ngajiUITestsLaunchTests.swift; sourceTree = "<group>"; };
		D0E172382BB7305A00F9631E /* servishero_loading.json */ = {isa = PBXFileReference; fileEncoding = 4; lastKnownFileType = text.json; path = servishero_loading.json; sourceTree = "<group>"; };
		D0FE1B182BBB0FFF008736FE /* surahData.json */ = {isa = PBXFileReference; lastKnownFileType = text.json; path = surahData.json; sourceTree = "<group>"; };
		D0FE1B1A2BBB1072008736FE /* ModelData.swift */ = {isa = PBXFileReference; lastKnownFileType = sourcecode.swift; path = ModelData.swift; sourceTree = "<group>"; };
		D0FE1B1C2BBB15D9008736FE /* LottieViewComponent.swift */ = {isa = PBXFileReference; lastKnownFileType = sourcecode.swift; path = LottieViewComponent.swift; sourceTree = "<group>"; };
/* End PBXFileReference section */

/* Begin PBXFrameworksBuildPhase section */
		D0BBE58D2BB566BF002C9766 /* Frameworks */ = {
			isa = PBXFrameworksBuildPhase;
			buildActionMask = 2147483647;
			files = (
				D03DCCC32BB576C900CF07A1 /* Lottie in Frameworks */,
			);
			runOnlyForDeploymentPostprocessing = 0;
		};
		D0BBE59D2BB566C2002C9766 /* Frameworks */ = {
			isa = PBXFrameworksBuildPhase;
			buildActionMask = 2147483647;
			files = (
			);
			runOnlyForDeploymentPostprocessing = 0;
		};
		D0BBE5A72BB566C2002C9766 /* Frameworks */ = {
			isa = PBXFrameworksBuildPhase;
			buildActionMask = 2147483647;
			files = (
			);
			runOnlyForDeploymentPostprocessing = 0;
		};
/* End PBXFrameworksBuildPhase section */

/* Begin PBXGroup section */
		D037A3162BBC142E00CAFAE6 /* Views */ = {
			isa = PBXGroup;
			children = (
			);
			path = Views;
			sourceTree = "<group>";
		};
		D045CED12BB7E7B7004DA31B /* Models */ = {
			isa = PBXGroup;
			children = (
				D045CED22BB7E868004DA31B /* UserModel.swift */,
				D045CED72BB7EE7F004DA31B /* SurahModel.swift */,
				D0FE1B1A2BBB1072008736FE /* ModelData.swift */,
			);
			path = Models;
			sourceTree = "<group>";
		};
		D045CED62BB7EAC4004DA31B /* Controllers */ = {
			isa = PBXGroup;
			children = (
				D045CED42BB7EABF004DA31B /* UserController.swift */,
			);
			path = Controllers;
			sourceTree = "<group>";
		};
		D0BBE5872BB566BF002C9766 = {
			isa = PBXGroup;
			children = (
				D0BBE5922BB566BF002C9766 /* go-ngaji */,
				D0BBE5AD2BB566C2002C9766 /* go-ngajiUITests */,
				D0BBE5912BB566BF002C9766 /* Products */,
			);
			sourceTree = "<group>";
		};
		D0BBE5912BB566BF002C9766 /* Products */ = {
			isa = PBXGroup;
			children = (
				D0BBE5902BB566BF002C9766 /* go-ngaji.app */,
				D0BBE5A02BB566C2002C9766 /* go-ngajiTests.xctest */,
				D0BBE5AA2BB566C2002C9766 /* go-ngajiUITests.xctest */,
			);
			name = Products;
			sourceTree = "<group>";
		};
		D0BBE5922BB566BF002C9766 /* go-ngaji */ = {
			isa = PBXGroup;
			children = (
				D0FE1B1C2BBB15D9008736FE /* LottieViewComponent.swift */,
				D037A3162BBC142E00CAFAE6 /* Views */,
				D0FE1B172BBB0FC8008736FE /* Resources */,
				D045CED62BB7EAC4004DA31B /* Controllers */,
				D045CED12BB7E7B7004DA31B /* Models */,
				D0BBE5932BB566BF002C9766 /* go_ngajiApp.swift */,
				D0BBE5952BB566BF002C9766 /* ContentView.swift */,
				D0BBE5972BB566C2002C9766 /* Assets.xcassets */,
				D0BBE5992BB566C2002C9766 /* Preview Content */,
				D0BBE5A32BB566C2002C9766 /* go-ngajiTests */,
			);
			path = "go-ngaji";
			sourceTree = "<group>";
		};
		D0BBE5992BB566C2002C9766 /* Preview Content */ = {
			isa = PBXGroup;
			children = (
				D0BBE59A2BB566C2002C9766 /* Preview Assets.xcassets */,
			);
			path = "Preview Content";
			sourceTree = "<group>";
		};
		D0BBE5A32BB566C2002C9766 /* go-ngajiTests */ = {
			isa = PBXGroup;
			children = (
				D0BBE5A42BB566C2002C9766 /* go_ngajiTests.swift */,
			);
			path = "go-ngajiTests";
			sourceTree = "<group>";
		};
		D0BBE5AD2BB566C2002C9766 /* go-ngajiUITests */ = {
			isa = PBXGroup;
			children = (
				D0BBE5AE2BB566C2002C9766 /* go_ngajiUITests.swift */,
				D0BBE5B02BB566C2002C9766 /* go_ngajiUITestsLaunchTests.swift */,
			);
			path = "go-ngajiUITests";
			sourceTree = "<group>";
		};
		D0FE1B172BBB0FC8008736FE /* Resources */ = {
			isa = PBXGroup;
			children = (
				D04A663A2BB73E0200CCAB80 /* ngaji_loading.json */,
				D0E172382BB7305A00F9631E /* servishero_loading.json */,
				D0FE1B182BBB0FFF008736FE /* surahData.json */,
			);
			path = Resources;
			sourceTree = "<group>";
		};
/* End PBXGroup section */

/* Begin PBXNativeTarget section */
		D0BBE58F2BB566BF002C9766 /* go-ngaji */ = {
			isa = PBXNativeTarget;
			buildConfigurationList = D0BBE5B42BB566C2002C9766 /* Build configuration list for PBXNativeTarget "go-ngaji" */;
			buildPhases = (
				D0BBE58C2BB566BF002C9766 /* Sources */,
				D0BBE58D2BB566BF002C9766 /* Frameworks */,
				D0BBE58E2BB566BF002C9766 /* Resources */,
			);
			buildRules = (
			);
			dependencies = (
			);
			name = "go-ngaji";
			packageProductDependencies = (
				D03DCCC22BB576C900CF07A1 /* Lottie */,
			);
			productName = "go-ngaji";
			productReference = D0BBE5902BB566BF002C9766 /* go-ngaji.app */;
			productType = "com.apple.product-type.application";
		};
		D0BBE59F2BB566C2002C9766 /* go-ngajiTests */ = {
			isa = PBXNativeTarget;
			buildConfigurationList = D0BBE5B72BB566C2002C9766 /* Build configuration list for PBXNativeTarget "go-ngajiTests" */;
			buildPhases = (
				D0BBE59C2BB566C2002C9766 /* Sources */,
				D0BBE59D2BB566C2002C9766 /* Frameworks */,
				D0BBE59E2BB566C2002C9766 /* Resources */,
			);
			buildRules = (
			);
			dependencies = (
				D0BBE5A22BB566C2002C9766 /* PBXTargetDependency */,
			);
			name = "go-ngajiTests";
			productName = "go-ngajiTests";
			productReference = D0BBE5A02BB566C2002C9766 /* go-ngajiTests.xctest */;
			productType = "com.apple.product-type.bundle.unit-test";
		};
		D0BBE5A92BB566C2002C9766 /* go-ngajiUITests */ = {
			isa = PBXNativeTarget;
			buildConfigurationList = D0BBE5BA2BB566C2002C9766 /* Build configuration list for PBXNativeTarget "go-ngajiUITests" */;
			buildPhases = (
				D0BBE5A62BB566C2002C9766 /* Sources */,
				D0BBE5A72BB566C2002C9766 /* Frameworks */,
				D0BBE5A82BB566C2002C9766 /* Resources */,
			);
			buildRules = (
			);
			dependencies = (
				D0BBE5AC2BB566C2002C9766 /* PBXTargetDependency */,
			);
			name = "go-ngajiUITests";
			productName = "go-ngajiUITests";
			productReference = D0BBE5AA2BB566C2002C9766 /* go-ngajiUITests.xctest */;
			productType = "com.apple.product-type.bundle.ui-testing";
		};
/* End PBXNativeTarget section */

/* Begin PBXProject section */
		D0BBE5882BB566BF002C9766 /* Project object */ = {
			isa = PBXProject;
			attributes = {
				BuildIndependentTargetsInParallel = 1;
				LastSwiftUpdateCheck = 1530;
				LastUpgradeCheck = 1530;
				TargetAttributes = {
					D0BBE58F2BB566BF002C9766 = {
						CreatedOnToolsVersion = 15.3;
					};
					D0BBE59F2BB566C2002C9766 = {
						CreatedOnToolsVersion = 15.3;
						TestTargetID = D0BBE58F2BB566BF002C9766;
					};
					D0BBE5A92BB566C2002C9766 = {
						CreatedOnToolsVersion = 15.3;
						TestTargetID = D0BBE58F2BB566BF002C9766;
					};
				};
			};
			buildConfigurationList = D0BBE58B2BB566BF002C9766 /* Build configuration list for PBXProject "go-ngaji" */;
			compatibilityVersion = "Xcode 14.0";
			developmentRegion = en;
			hasScannedForEncodings = 0;
			knownRegions = (
				en,
				Base,
			);
			mainGroup = D0BBE5872BB566BF002C9766;
			packageReferences = (
				D0AB19CB2BB567FB004C592E /* XCRemoteSwiftPackageReference "lottie-spm" */,
			);
			productRefGroup = D0BBE5912BB566BF002C9766 /* Products */;
			projectDirPath = "";
			projectRoot = "";
			targets = (
				D0BBE58F2BB566BF002C9766 /* go-ngaji */,
				D0BBE59F2BB566C2002C9766 /* go-ngajiTests */,
				D0BBE5A92BB566C2002C9766 /* go-ngajiUITests */,
			);
		};
/* End PBXProject section */

/* Begin PBXResourcesBuildPhase section */
		D0BBE58E2BB566BF002C9766 /* Resources */ = {
			isa = PBXResourcesBuildPhase;
			buildActionMask = 2147483647;
			files = (
				D0FE1B192BBB0FFF008736FE /* surahData.json in Resources */,
				D0BBE59B2BB566C2002C9766 /* Preview Assets.xcassets in Resources */,
				D0BBE5982BB566C2002C9766 /* Assets.xcassets in Resources */,
				D0E172392BB7305A00F9631E /* servishero_loading.json in Resources */,
				D04A663B2BB73E0200CCAB80 /* ngaji_loading.json in Resources */,
			);
			runOnlyForDeploymentPostprocessing = 0;
		};
		D0BBE59E2BB566C2002C9766 /* Resources */ = {
			isa = PBXResourcesBuildPhase;
			buildActionMask = 2147483647;
			files = (
			);
			runOnlyForDeploymentPostprocessing = 0;
		};
		D0BBE5A82BB566C2002C9766 /* Resources */ = {
			isa = PBXResourcesBuildPhase;
			buildActionMask = 2147483647;
			files = (
			);
			runOnlyForDeploymentPostprocessing = 0;
		};
/* End PBXResourcesBuildPhase section */

/* Begin PBXSourcesBuildPhase section */
		D0BBE58C2BB566BF002C9766 /* Sources */ = {
			isa = PBXSourcesBuildPhase;
			buildActionMask = 2147483647;
			files = (
				D0BBE5962BB566BF002C9766 /* ContentView.swift in Sources */,
				D045CED32BB7E868004DA31B /* UserModel.swift in Sources */,
				D045CED82BB7EE7F004DA31B /* SurahModel.swift in Sources */,
				D045CED52BB7EABF004DA31B /* UserController.swift in Sources */,
				D0FE1B1D2BBB15D9008736FE /* LottieViewComponent.swift in Sources */,
				D0BBE5942BB566BF002C9766 /* go_ngajiApp.swift in Sources */,
				D0FE1B1B2BBB1072008736FE /* ModelData.swift in Sources */,
			);
			runOnlyForDeploymentPostprocessing = 0;
		};
		D0BBE59C2BB566C2002C9766 /* Sources */ = {
			isa = PBXSourcesBuildPhase;
			buildActionMask = 2147483647;
			files = (
				D0BBE5A52BB566C2002C9766 /* go_ngajiTests.swift in Sources */,
			);
			runOnlyForDeploymentPostprocessing = 0;
		};
		D0BBE5A62BB566C2002C9766 /* Sources */ = {
			isa = PBXSourcesBuildPhase;
			buildActionMask = 2147483647;
			files = (
				D0BBE5B12BB566C2002C9766 /* go_ngajiUITestsLaunchTests.swift in Sources */,
				D0BBE5AF2BB566C2002C9766 /* go_ngajiUITests.swift in Sources */,
			);
			runOnlyForDeploymentPostprocessing = 0;
		};
/* End PBXSourcesBuildPhase section */

/* Begin PBXTargetDependency section */
		D0BBE5A22BB566C2002C9766 /* PBXTargetDependency */ = {
			isa = PBXTargetDependency;
			target = D0BBE58F2BB566BF002C9766 /* go-ngaji */;
			targetProxy = D0BBE5A12BB566C2002C9766 /* PBXContainerItemProxy */;
		};
		D0BBE5AC2BB566C2002C9766 /* PBXTargetDependency */ = {
			isa = PBXTargetDependency;
			target = D0BBE58F2BB566BF002C9766 /* go-ngaji */;
			targetProxy = D0BBE5AB2BB566C2002C9766 /* PBXContainerItemProxy */;
		};
/* End PBXTargetDependency section */

/* Begin XCBuildConfiguration section */
		D0BBE5B22BB566C2002C9766 /* Debug */ = {
			isa = XCBuildConfiguration;
			buildSettings = {
				ALWAYS_SEARCH_USER_PATHS = NO;
				ASSETCATALOG_COMPILER_GENERATE_SWIFT_ASSET_SYMBOL_EXTENSIONS = YES;
				CLANG_ANALYZER_NONNULL = YES;
				CLANG_ANALYZER_NUMBER_OBJECT_CONVERSION = YES_AGGRESSIVE;
				CLANG_CXX_LANGUAGE_STANDARD = "gnu++20";
				CLANG_ENABLE_MODULES = YES;
				CLANG_ENABLE_OBJC_ARC = YES;
				CLANG_ENABLE_OBJC_WEAK = YES;
				CLANG_WARN_BLOCK_CAPTURE_AUTORELEASING = YES;
				CLANG_WARN_BOOL_CONVERSION = YES;
				CLANG_WARN_COMMA = YES;
				CLANG_WARN_CONSTANT_CONVERSION = YES;
				CLANG_WARN_DEPRECATED_OBJC_IMPLEMENTATIONS = YES;
				CLANG_WARN_DIRECT_OBJC_ISA_USAGE = YES_ERROR;
				CLANG_WARN_DOCUMENTATION_COMMENTS = YES;
				CLANG_WARN_EMPTY_BODY = YES;
				CLANG_WARN_ENUM_CONVERSION = YES;
				CLANG_WARN_INFINITE_RECURSION = YES;
				CLANG_WARN_INT_CONVERSION = YES;
				CLANG_WARN_NON_LITERAL_NULL_CONVERSION = YES;
				CLANG_WARN_OBJC_IMPLICIT_RETAIN_SELF = YES;
				CLANG_WARN_OBJC_LITERAL_CONVERSION = YES;
				CLANG_WARN_OBJC_ROOT_CLASS = YES_ERROR;
				CLANG_WARN_QUOTED_INCLUDE_IN_FRAMEWORK_HEADER = YES;
				CLANG_WARN_RANGE_LOOP_ANALYSIS = YES;
				CLANG_WARN_STRICT_PROTOTYPES = YES;
				CLANG_WARN_SUSPICIOUS_MOVE = YES;
				CLANG_WARN_UNGUARDED_AVAILABILITY = YES_AGGRESSIVE;
				CLANG_WARN_UNREACHABLE_CODE = YES;
				CLANG_WARN__DUPLICATE_METHOD_MATCH = YES;
				COPY_PHASE_STRIP = NO;
				DEBUG_INFORMATION_FORMAT = dwarf;
				ENABLE_STRICT_OBJC_MSGSEND = YES;
				ENABLE_TESTABILITY = YES;
				ENABLE_USER_SCRIPT_SANDBOXING = YES;
				GCC_C_LANGUAGE_STANDARD = gnu17;
				GCC_DYNAMIC_NO_PIC = NO;
				GCC_NO_COMMON_BLOCKS = YES;
				GCC_OPTIMIZATION_LEVEL = 0;
				GCC_PREPROCESSOR_DEFINITIONS = (
					"DEBUG=1",
					"$(inherited)",
				);
				GCC_WARN_64_TO_32_BIT_CONVERSION = YES;
				GCC_WARN_ABOUT_RETURN_TYPE = YES_ERROR;
				GCC_WARN_UNDECLARED_SELECTOR = YES;
				GCC_WARN_UNINITIALIZED_AUTOS = YES_AGGRESSIVE;
				GCC_WARN_UNUSED_FUNCTION = YES;
				GCC_WARN_UNUSED_VARIABLE = YES;
				IPHONEOS_DEPLOYMENT_TARGET = 17.4;
				LOCALIZATION_PREFERS_STRING_CATALOGS = YES;
				MTL_ENABLE_DEBUG_INFO = INCLUDE_SOURCE;
				MTL_FAST_MATH = YES;
				ONLY_ACTIVE_ARCH = YES;
				SDKROOT = iphoneos;
				SWIFT_ACTIVE_COMPILATION_CONDITIONS = "DEBUG $(inherited)";
				SWIFT_OPTIMIZATION_LEVEL = "-Onone";
			};
			name = Debug;
		};
		D0BBE5B32BB566C2002C9766 /* Release */ = {
			isa = XCBuildConfiguration;
			buildSettings = {
				ALWAYS_SEARCH_USER_PATHS = NO;
				ASSETCATALOG_COMPILER_GENERATE_SWIFT_ASSET_SYMBOL_EXTENSIONS = YES;
				CLANG_ANALYZER_NONNULL = YES;
				CLANG_ANALYZER_NUMBER_OBJECT_CONVERSION = YES_AGGRESSIVE;
				CLANG_CXX_LANGUAGE_STANDARD = "gnu++20";
				CLANG_ENABLE_MODULES = YES;
				CLANG_ENABLE_OBJC_ARC = YES;
				CLANG_ENABLE_OBJC_WEAK = YES;
				CLANG_WARN_BLOCK_CAPTURE_AUTORELEASING = YES;
				CLANG_WARN_BOOL_CONVERSION = YES;
				CLANG_WARN_COMMA = YES;
				CLANG_WARN_CONSTANT_CONVERSION = YES;
				CLANG_WARN_DEPRECATED_OBJC_IMPLEMENTATIONS = YES;
				CLANG_WARN_DIRECT_OBJC_ISA_USAGE = YES_ERROR;
				CLANG_WARN_DOCUMENTATION_COMMENTS = YES;
				CLANG_WARN_EMPTY_BODY = YES;
				CLANG_WARN_ENUM_CONVERSION = YES;
				CLANG_WARN_INFINITE_RECURSION = YES;
				CLANG_WARN_INT_CONVERSION = YES;
				CLANG_WARN_NON_LITERAL_NULL_CONVERSION = YES;
				CLANG_WARN_OBJC_IMPLICIT_RETAIN_SELF = YES;
				CLANG_WARN_OBJC_LITERAL_CONVERSION = YES;
				CLANG_WARN_OBJC_ROOT_CLASS = YES_ERROR;
				CLANG_WARN_QUOTED_INCLUDE_IN_FRAMEWORK_HEADER = YES;
				CLANG_WARN_RANGE_LOOP_ANALYSIS = YES;
				CLANG_WARN_STRICT_PROTOTYPES = YES;
				CLANG_WARN_SUSPICIOUS_MOVE = YES;
				CLANG_WARN_UNGUARDED_AVAILABILITY = YES_AGGRESSIVE;
				CLANG_WARN_UNREACHABLE_CODE = YES;
				CLANG_WARN__DUPLICATE_METHOD_MATCH = YES;
				COPY_PHASE_STRIP = NO;
				DEBUG_INFORMATION_FORMAT = "dwarf-with-dsym";
				ENABLE_NS_ASSERTIONS = NO;
				ENABLE_STRICT_OBJC_MSGSEND = YES;
				ENABLE_USER_SCRIPT_SANDBOXING = YES;
				GCC_C_LANGUAGE_STANDARD = gnu17;
				GCC_NO_COMMON_BLOCKS = YES;
				GCC_WARN_64_TO_32_BIT_CONVERSION = YES;
				GCC_WARN_ABOUT_RETURN_TYPE = YES_ERROR;
				GCC_WARN_UNDECLARED_SELECTOR = YES;
				GCC_WARN_UNINITIALIZED_AUTOS = YES_AGGRESSIVE;
				GCC_WARN_UNUSED_FUNCTION = YES;
				GCC_WARN_UNUSED_VARIABLE = YES;
				IPHONEOS_DEPLOYMENT_TARGET = 17.4;
				LOCALIZATION_PREFERS_STRING_CATALOGS = YES;
				MTL_ENABLE_DEBUG_INFO = NO;
				MTL_FAST_MATH = YES;
				SDKROOT = iphoneos;
				SWIFT_COMPILATION_MODE = wholemodule;
				VALIDATE_PRODUCT = YES;
			};
			name = Release;
		};
		D0BBE5B52BB566C2002C9766 /* Debug */ = {
			isa = XCBuildConfiguration;
			buildSettings = {
				ASSETCATALOG_COMPILER_APPICON_NAME = AppIcon;
				ASSETCATALOG_COMPILER_GLOBAL_ACCENT_COLOR_NAME = AccentColor;
				CODE_SIGN_STYLE = Automatic;
				CURRENT_PROJECT_VERSION = 1;
				DEVELOPMENT_ASSET_PATHS = "\"go-ngaji/Preview Content\"";
				DEVELOPMENT_TEAM = H84M48MBJL;
				ENABLE_PREVIEWS = YES;
				GENERATE_INFOPLIST_FILE = YES;
				INFOPLIST_KEY_UIApplicationSceneManifest_Generation = YES;
				INFOPLIST_KEY_UIApplicationSupportsIndirectInputEvents = YES;
				INFOPLIST_KEY_UILaunchScreen_Generation = YES;
				INFOPLIST_KEY_UISupportedInterfaceOrientations_iPad = "UIInterfaceOrientationPortrait UIInterfaceOrientationPortraitUpsideDown UIInterfaceOrientationLandscapeLeft UIInterfaceOrientationLandscapeRight";
				INFOPLIST_KEY_UISupportedInterfaceOrientations_iPhone = "UIInterfaceOrientationPortrait UIInterfaceOrientationLandscapeLeft UIInterfaceOrientationLandscapeRight";
				LD_RUNPATH_SEARCH_PATHS = (
					"$(inherited)",
					"@executable_path/Frameworks",
				);
				MARKETING_VERSION = 1.0;
				PRODUCT_BUNDLE_IDENTIFIER = "Agfi-Hermawan.go-ngaji";
				PRODUCT_NAME = "$(TARGET_NAME)";
				SWIFT_EMIT_LOC_STRINGS = YES;
				SWIFT_VERSION = 5.0;
				TARGETED_DEVICE_FAMILY = "1,2";
			};
			name = Debug;
		};
		D0BBE5B62BB566C2002C9766 /* Release */ = {
			isa = XCBuildConfiguration;
			buildSettings = {
				ASSETCATALOG_COMPILER_APPICON_NAME = AppIcon;
				ASSETCATALOG_COMPILER_GLOBAL_ACCENT_COLOR_NAME = AccentColor;
				CODE_SIGN_STYLE = Automatic;
				CURRENT_PROJECT_VERSION = 1;
				DEVELOPMENT_ASSET_PATHS = "\"go-ngaji/Preview Content\"";
				DEVELOPMENT_TEAM = H84M48MBJL;
				ENABLE_PREVIEWS = YES;
				GENERATE_INFOPLIST_FILE = YES;
				INFOPLIST_KEY_UIApplicationSceneManifest_Generation = YES;
				INFOPLIST_KEY_UIApplicationSupportsIndirectInputEvents = YES;
				INFOPLIST_KEY_UILaunchScreen_Generation = YES;
				INFOPLIST_KEY_UISupportedInterfaceOrientations_iPad = "UIInterfaceOrientationPortrait UIInterfaceOrientationPortraitUpsideDown UIInterfaceOrientationLandscapeLeft UIInterfaceOrientationLandscapeRight";
				INFOPLIST_KEY_UISupportedInterfaceOrientations_iPhone = "UIInterfaceOrientationPortrait UIInterfaceOrientationLandscapeLeft UIInterfaceOrientationLandscapeRight";
				LD_RUNPATH_SEARCH_PATHS = (
					"$(inherited)",
					"@executable_path/Frameworks",
				);
				MARKETING_VERSION = 1.0;
				PRODUCT_BUNDLE_IDENTIFIER = "Agfi-Hermawan.go-ngaji";
				PRODUCT_NAME = "$(TARGET_NAME)";
				SWIFT_EMIT_LOC_STRINGS = YES;
				SWIFT_VERSION = 5.0;
				TARGETED_DEVICE_FAMILY = "1,2";
			};
			name = Release;
		};
		D0BBE5B82BB566C2002C9766 /* Debug */ = {
			isa = XCBuildConfiguration;
			buildSettings = {
				ALWAYS_EMBED_SWIFT_STANDARD_LIBRARIES = YES;
				BUNDLE_LOADER = "$(TEST_HOST)";
				CODE_SIGN_STYLE = Automatic;
				CURRENT_PROJECT_VERSION = 1;
				DEVELOPMENT_TEAM = H84M48MBJL;
				GENERATE_INFOPLIST_FILE = YES;
				IPHONEOS_DEPLOYMENT_TARGET = 17.4;
				MARKETING_VERSION = 1.0;
				PRODUCT_BUNDLE_IDENTIFIER = "Agfi-Hermawan.go-ngajiTests";
				PRODUCT_NAME = "$(TARGET_NAME)";
				SWIFT_EMIT_LOC_STRINGS = NO;
				SWIFT_VERSION = 5.0;
				TARGETED_DEVICE_FAMILY = "1,2";
				TEST_HOST = "$(BUILT_PRODUCTS_DIR)/go-ngaji.app/$(BUNDLE_EXECUTABLE_FOLDER_PATH)/go-ngaji";
			};
			name = Debug;
		};
		D0BBE5B92BB566C2002C9766 /* Release */ = {
			isa = XCBuildConfiguration;
			buildSettings = {
				ALWAYS_EMBED_SWIFT_STANDARD_LIBRARIES = YES;
				BUNDLE_LOADER = "$(TEST_HOST)";
				CODE_SIGN_STYLE = Automatic;
				CURRENT_PROJECT_VERSION = 1;
				DEVELOPMENT_TEAM = H84M48MBJL;
				GENERATE_INFOPLIST_FILE = YES;
				IPHONEOS_DEPLOYMENT_TARGET = 17.4;
				MARKETING_VERSION = 1.0;
				PRODUCT_BUNDLE_IDENTIFIER = "Agfi-Hermawan.go-ngajiTests";
				PRODUCT_NAME = "$(TARGET_NAME)";
				SWIFT_EMIT_LOC_STRINGS = NO;
				SWIFT_VERSION = 5.0;
				TARGETED_DEVICE_FAMILY = "1,2";
				TEST_HOST = "$(BUILT_PRODUCTS_DIR)/go-ngaji.app/$(BUNDLE_EXECUTABLE_FOLDER_PATH)/go-ngaji";
			};
			name = Release;
		};
		D0BBE5BB2BB566C2002C9766 /* Debug */ = {
			isa = XCBuildConfiguration;
			buildSettings = {
				ALWAYS_EMBED_SWIFT_STANDARD_LIBRARIES = YES;
				CODE_SIGN_STYLE = Automatic;
				CURRENT_PROJECT_VERSION = 1;
				DEVELOPMENT_TEAM = H84M48MBJL;
				GENERATE_INFOPLIST_FILE = YES;
				MARKETING_VERSION = 1.0;
				PRODUCT_BUNDLE_IDENTIFIER = "Agfi-Hermawan.go-ngajiUITests";
				PRODUCT_NAME = "$(TARGET_NAME)";
				SWIFT_EMIT_LOC_STRINGS = NO;
				SWIFT_VERSION = 5.0;
				TARGETED_DEVICE_FAMILY = "1,2";
				TEST_TARGET_NAME = "go-ngaji";
			};
			name = Debug;
		};
		D0BBE5BC2BB566C2002C9766 /* Release */ = {
			isa = XCBuildConfiguration;
			buildSettings = {
				ALWAYS_EMBED_SWIFT_STANDARD_LIBRARIES = YES;
				CODE_SIGN_STYLE = Automatic;
				CURRENT_PROJECT_VERSION = 1;
				DEVELOPMENT_TEAM = H84M48MBJL;
				GENERATE_INFOPLIST_FILE = YES;
				MARKETING_VERSION = 1.0;
				PRODUCT_BUNDLE_IDENTIFIER = "Agfi-Hermawan.go-ngajiUITests";
				PRODUCT_NAME = "$(TARGET_NAME)";
				SWIFT_EMIT_LOC_STRINGS = NO;
				SWIFT_VERSION = 5.0;
				TARGETED_DEVICE_FAMILY = "1,2";
				TEST_TARGET_NAME = "go-ngaji";
			};
			name = Release;
		};
/* End XCBuildConfiguration section */

/* Begin XCConfigurationList section */
		D0BBE58B2BB566BF002C9766 /* Build configuration list for PBXProject "go-ngaji" */ = {
			isa = XCConfigurationList;
			buildConfigurations = (
				D0BBE5B22BB566C2002C9766 /* Debug */,
				D0BBE5B32BB566C2002C9766 /* Release */,
			);
			defaultConfigurationIsVisible = 0;
			defaultConfigurationName = Release;
		};
		D0BBE5B42BB566C2002C9766 /* Build configuration list for PBXNativeTarget "go-ngaji" */ = {
			isa = XCConfigurationList;
			buildConfigurations = (
				D0BBE5B52BB566C2002C9766 /* Debug */,
				D0BBE5B62BB566C2002C9766 /* Release */,
			);
			defaultConfigurationIsVisible = 0;
			defaultConfigurationName = Release;
		};
		D0BBE5B72BB566C2002C9766 /* Build configuration list for PBXNativeTarget "go-ngajiTests" */ = {
			isa = XCConfigurationList;
			buildConfigurations = (
				D0BBE5B82BB566C2002C9766 /* Debug */,
				D0BBE5B92BB566C2002C9766 /* Release */,
			);
			defaultConfigurationIsVisible = 0;
			defaultConfigurationName = Release;
		};
		D0BBE5BA2BB566C2002C9766 /* Build configuration list for PBXNativeTarget "go-ngajiUITests" */ = {
			isa = XCConfigurationList;
			buildConfigurations = (
				D0BBE5BB2BB566C2002C9766 /* Debug */,
				D0BBE5BC2BB566C2002C9766 /* Release */,
			);
			defaultConfigurationIsVisible = 0;
			defaultConfigurationName = Release;
		};
/* End XCConfigurationList section */

/* Begin XCRemoteSwiftPackageReference section */
		D0AB19CB2BB567FB004C592E /* XCRemoteSwiftPackageReference "lottie-spm" */ = {
			isa = XCRemoteSwiftPackageReference;
			repositoryURL = "https://github.com/airbnb/lottie-spm.git";
			requirement = {
				kind = upToNextMajorVersion;
				minimumVersion = 4.4.1;
			};
		};
/* End XCRemoteSwiftPackageReference section */

/* Begin XCSwiftPackageProductDependency section */
		D03DCCC22BB576C900CF07A1 /* Lottie */ = {
			isa = XCSwiftPackageProductDependency;
			package = D0AB19CB2BB567FB004C592E /* XCRemoteSwiftPackageReference "lottie-spm" */;
			productName = Lottie;
		};
/* End XCSwiftPackageProductDependency section */
	};
	rootObject = D0BBE5882BB566BF002C9766 /* Project object */;
}
